
Microsoft Visual Studio Solution File, Format Version 12.00
# Visual Studio Version 17
VisualStudioVersion = 17.9.34902.65
MinimumVisualStudioVersion = 10.0.40219.1
Project("{9A19103F-16F7-4668-BE54-9A1E7A4F7556}") = "App2", "App2\App2.csproj", "{97ED312C-8547-40F6-8ED2-244A0697A54B}"
EndProject
Project("{FAE04EC0-301F-11D3-BF4B-00C04F79EFBC}") = "MVC", "MVC\MVC.csproj", "{0B1BD68A-EDC4-4A25-92AA-D3B89F6C3F8C}"
EndProject
Global
	GlobalSection(SolutionConfigurationPlatforms) = preSolution
		Debug|Any CPU = Debug|Any CPU
		Release|Any CPU = Release|Any CPU
	EndGlobalSection
	GlobalSection(ProjectConfigurationPlatforms) = postSolution
		{97ED312C-8547-40F6-8ED2-244A0697A54B}.Debug|Any CPU.ActiveCfg = Debug|Any CPU
		{97ED312C-8547-40F6-8ED2-244A0697A54B}.Debug|Any CPU.Build.0 = Debug|Any CPU
		{97ED312C-8547-40F6-8ED2-244A0697A54B}.Release|Any CPU.ActiveCfg = Release|Any CPU
		{97ED312C-8547-40F6-8ED2-244A0697A54B}.Release|Any CPU.Build.0 = Release|Any CPU
		{0B1BD68A-EDC4-4A25-92AA-D3B89F6C3F8C}.Debug|Any CPU.ActiveCfg = Debug|Any CPU
		{0B1BD68A-EDC4-4A25-92AA-D3B89F6C3F8C}.Debug|Any CPU.Build.0 = Debug|Any CPU
		{0B1BD68A-EDC4-4A25-92AA-D3B89F6C3F8C}.Release|Any CPU.ActiveCfg = Release|Any CPU
		{0B1BD68A-EDC4-4A25-92AA-D3B89F6C3F8C}.Release|Any CPU.Build.0 = Release|Any CPU
	EndGlobalSection
	GlobalSection(SolutionProperties) = preSolution
		HideSolutionNode = FALSE
	EndGlobalSection
	GlobalSection(ExtensibilityGlobals) = postSolution
		SolutionGuid = {AF640125-A4B6-420F-AEF7-7EF4AE2A1300}
	EndGlobalSection
EndGlobal
